// !$*UTF8*$!
{
	archiveVersion = 1;
	classes = {
	};
	objectVersion = 46;
	objects = {

/* Begin PBXBuildFile section */
		174566B71C8A8BA40038F8FE /* AppDelegate.swift in Sources */ = {isa = PBXBuildFile; fileRef = 174566B61C8A8BA40038F8FE /* AppDelegate.swift */; };
		174566B91C8A8BA40038F8FE /* ViewController.swift in Sources */ = {isa = PBXBuildFile; fileRef = 174566B81C8A8BA40038F8FE /* ViewController.swift */; };
		174566BC1C8A8BA40038F8FE /* Main.storyboard in Resources */ = {isa = PBXBuildFile; fileRef = 174566BA1C8A8BA40038F8FE /* Main.storyboard */; };
		174566BE1C8A8BA40038F8FE /* Assets.xcassets in Resources */ = {isa = PBXBuildFile; fileRef = 174566BD1C8A8BA40038F8FE /* Assets.xcassets */; };
		174566C11C8A8BA40038F8FE /* LaunchScreen.storyboard in Resources */ = {isa = PBXBuildFile; fileRef = 174566BF1C8A8BA40038F8FE /* LaunchScreen.storyboard */; };
/* End PBXBuildFile section */

/* Begin PBXFileReference section */
		174566B31C8A8BA40038F8FE /* XNetImage.app */ = {isa = PBXFileReference; explicitFileType = wrapper.application; includeInIndex = 0; path = XNetImage.app; sourceTree = BUILT_PRODUCTS_DIR; };
		174566B61C8A8BA40038F8FE /* AppDelegate.swift */ = {isa = PBXFileReference; lastKnownFileType = sourcecode.swift; path = AppDelegate.swift; sourceTree = "<group>"; };
		174566B81C8A8BA40038F8FE /* ViewController.swift */ = {isa = PBXFileReference; lastKnownFileType = sourcecode.swift; path = ViewController.swift; sourceTree = "<group>"; };
		174566BB1C8A8BA40038F8FE /* Base */ = {isa = PBXFileReference; lastKnownFileType = file.storyboard; name = Base; path = Base.lproj/Main.storyboard; sourceTree = "<group>"; };
		174566BD1C8A8BA40038F8FE /* Assets.xcassets */ = {isa = PBXFileReference; lastKnownFileType = folder.assetcatalog; path = Assets.xcassets; sourceTree = "<group>"; };
		174566C01C8A8BA40038F8FE /* Base */ = {isa = PBXFileReference; lastKnownFileType = file.storyboard; name = Base; path = Base.lproj/LaunchScreen.storyboard; sourceTree = "<group>"; };
		174566C21C8A8BA40038F8FE /* Info.plist */ = {isa = PBXFileReference; lastKnownFileType = text.plist.xml; path = Info.plist; sourceTree = "<group>"; };
/* End PBXFileReference section */

/* Begin PBXFrameworksBuildPhase section */
		174566B01C8A8BA40038F8FE /* Frameworks */ = {
			isa = PBXFrameworksBuildPhase;
			buildActionMask = 2147483647;
			files = (
			);
			runOnlyForDeploymentPostprocessing = 0;
		};
/* End PBXFrameworksBuildPhase section */

/* Begin PBXGroup section */
		174566AA1C8A8BA40038F8FE = {
			isa = PBXGroup;
			children = (
				174566B51C8A8BA40038F8FE /* XNetImage */,
				174566B41C8A8BA40038F8FE /* Products */,
			);
			sourceTree = "<group>";
		};
		174566B41C8A8BA40038F8FE /* Products */ = {
			isa = PBXGroup;
			children = (
				174566B31C8A8BA40038F8FE /* XNetImage.app */,
			);
			name = Products;
			sourceTree = "<group>";
		};
		174566B51C8A8BA40038F8FE /* XNetImage */ = {
			isa = PBXGroup;
			children = (
				174566B61C8A8BA40038F8FE /* AppDelegate.swift */,
				174566B81C8A8BA40038F8FE /* ViewController.swift */,
				174566BA1C8A8BA40038F8FE /* Main.storyboard */,
				174566BD1C8A8BA40038F8FE /* Assets.xcassets */,
				174566BF1C8A8BA40038F8FE /* LaunchScreen.storyboard */,
				174566C21C8A8BA40038F8FE /* Info.plist */,
			);
			path = XNetImage;
			sourceTree = "<group>";
		};
/* End PBXGroup section */

/* Begin PBXNativeTarget section */
		174566B21C8A8BA40038F8FE /* XNetImage */ = {
			isa = PBXNativeTarget;
			buildConfigurationList = 174566C51C8A8BA40038F8FE /* Build configuration list for PBXNativeTarget "XNetImage" */;
			buildPhases = (
				174566AF1C8A8BA40038F8FE /* Sources */,
				174566B01C8A8BA40038F8FE /* Frameworks */,
				174566B11C8A8BA40038F8FE /* Resources */,
			);
			buildRules = (
			);
			dependencies = (
			);
			name = XNetImage;
			productName = XNetImage;
			productReference = 174566B31C8A8BA40038F8FE /* XNetImage.app */;
			productType = "com.apple.product-type.application";
		};
/* End PBXNativeTarget section */

/* Begin PBXProject section */
		174566AB1C8A8BA40038F8FE /* Project object */ = {
			isa = PBXProject;
			attributes = {
				LastSwiftUpdateCheck = 0720;
				LastUpgradeCheck = 0720;
				ORGANIZATIONNAME = XNetImage;
				TargetAttributes = {
					174566B21C8A8BA40038F8FE = {
						CreatedOnToolsVersion = 7.2;
					};
				};
			};
			buildConfigurationList = 174566AE1C8A8BA40038F8FE /* Build configuration list for PBXProject "XNetImage" */;
			compatibilityVersion = "Xcode 3.2";
			developmentRegion = English;
			hasScannedForEncodings = 0;
			knownRegions = (
				en,
				Base,
			);
			mainGroup = 174566AA1C8A8BA40038F8FE;
			productRefGroup = 174566B41C8A8BA40038F8FE /* Products */;
			projectDirPath = "";
			projectRoot = "";
			targets = (
				174566B21C8A8BA40038F8FE /* XNetImage */,
			);
		};
/* End PBXProject section */

/* Begin PBXResourcesBuildPhase section */
		174566B11C8A8BA40038F8FE /* Resources */ = {
			isa = PBXResourcesBuildPhase;
			buildActionMask = 2147483647;
			files = (
				174566C11C8A8BA40038F8FE /* LaunchScreen.storyboard in Resources */,
				174566BE1C8A8BA40038F8FE /* Assets.xcassets in Resources */,
				174566BC1C8A8BA40038F8FE /* Main.storyboard in Resources */,
			);
			runOnlyForDeploymentPostprocessing = 0;
		};
/* End PBXResourcesBuildPhase section */

/* Begin PBXSourcesBuildPhase section */
		174566AF1C8A8BA40038F8FE /* Sources */ = {
			isa = PBXSourcesBuildPhase;
			buildActionMask = 2147483647;
			files = (
				174566B91C8A8BA40038F8FE /* ViewController.swift in Sources */,
				174566B71C8A8BA40038F8FE /* AppDelegate.swift in Sources */,
			);
			runOnlyForDeploymentPostprocessing = 0;
		};
/* End PBXSourcesBuildPhase section */

/* Begin PBXVariantGroup section */
		174566BA1C8A8BA40038F8FE /* Main.storyboard */ = {
			isa = PBXVariantGroup;
			children = (
				174566BB1C8A8BA40038F8FE /* Base */,
			);
			name = Main.storyboard;
			sourceTree = "<group>";
		};
		174566BF1C8A8BA40038F8FE /* LaunchScreen.storyboard */ = {
			isa = PBXVariantGroup;
			children = (
				174566C01C8A8BA40038F8FE /* Base */,
			);
			name = LaunchScreen.storyboard;
			sourceTree = "<group>";
		};
/* End PBXVariantGroup section */

/* Begin XCBuildConfiguration section */
		174566C31C8A8BA40038F8FE /* Debug */ = {
			isa = XCBuildConfiguration;
			buildSettings = {
				ALWAYS_SEARCH_USER_PATHS = NO;
				CLANG_CXX_LANGUAGE_STANDARD = "gnu++0x";
				CLANG_CXX_LIBRARY = "libc++";
				CLANG_ENABLE_MODULES = YES;
				CLANG_ENABLE_OBJC_ARC = YES;
				CLANG_WARN_BOOL_CONVERSION = YES;
				CLANG_WARN_CONSTANT_CONVERSION = YES;
				CLANG_WARN_DIRECT_OBJC_ISA_USAGE = YES_ERROR;
				CLANG_WARN_EMPTY_BODY = YES;
				CLANG_WARN_ENUM_CONVERSION = YES;
				CLANG_WARN_INT_CONVERSION = YES;
				CLANG_WARN_OBJC_ROOT_CLASS = YES_ERROR;
				CLANG_WARN_UNREACHABLE_CODE = YES;
				CLANG_WARN__DUPLICATE_METHOD_MATCH = YES;
				"CODE_SIGN_IDENTITY[sdk=iphoneos*]" = "iPhone Developer";
				COPY_PHASE_STRIP = NO;
				DEBUG_INFORMATION_FORMAT = dwarf;
				ENABLE_STRICT_OBJC_MSGSEND = YES;
				ENABLE_TESTABILITY = YES;
				GCC_C_LANGUAGE_STANDARD = gnu99;
				GCC_DYNAMIC_NO_PIC = NO;
				GCC_NO_COMMON_BLOCKS = YES;
				GCC_OPTIMIZATION_LEVEL = 0;
				GCC_PREPROCESSOR_DEFINITIONS = (
					"DEBUG=1",
					"$(inherited)",
				);
				GCC_WARN_64_TO_32_BIT_CONVERSION = YES;
				GCC_WARN_ABOUT_RETURN_TYPE = YES_ERROR;
				GCC_WARN_UNDECLARED_SELECTOR = YES;
				GCC_WARN_UNINITIALIZED_AUTOS = YES_AGGRESSIVE;
				GCC_WARN_UNUSED_FUNCTION = YES;
				GCC_WARN_UNUSED_VARIABLE = YES;
				IPHONEOS_DEPLOYMENT_TARGET = 9.2;
				MTL_ENABLE_DEBUG_INFO = YES;
				ONLY_ACTIVE_ARCH = YES;
				SDKROOT = iphoneos;
				SWIFT_OPTIMIZATION_LEVEL = "-Onone";
			};
			name = Debug;
		};
		174566C41C8A8BA40038F8FE /* Release */ = {
			isa = XCBuildConfiguration;
			buildSettings = {
				ALWAYS_SEARCH_USER_PATHS = NO;
				CLANG_CXX_LANGUAGE_STANDARD = "gnu++0x";
				CLANG_CXX_LIBRARY = "libc++";
				CLANG_ENABLE_MODULES = YES;
				CLANG_ENABLE_OBJC_ARC = YES;
				CLANG_WARN_BOOL_CONVERSION = YES;
				CLANG_WARN_CONSTANT_CONVERSION = YES;
				CLANG_WARN_DIRECT_OBJC_ISA_USAGE = YES_ERROR;
				CLANG_WARN_EMPTY_BODY = YES;
				CLANG_WARN_ENUM_CONVERSION = YES;
				CLANG_WARN_INT_CONVERSION = YES;
				CLANG_WARN_OBJC_ROOT_CLASS = YES_ERROR;
				CLANG_WARN_UNREACHABLE_CODE = YES;
				CLANG_WARN__DUPLICATE_METHOD_MATCH = YES;
				"CODE_SIGN_IDENTITY[sdk=iphoneos*]" = "iPhone Developer";
				COPY_PHASE_STRIP = NO;
				DEBUG_INFORMATION_FORMAT = "dwarf-with-dsym";
				ENABLE_NS_ASSERTIONS = NO;
				ENABLE_STRICT_OBJC_MSGSEND = YES;
				GCC_C_LANGUAGE_STANDARD = gnu99;
				GCC_NO_COMMON_BLOCKS = YES;
				GCC_WARN_64_TO_32_BIT_CONVERSION = YES;
				GCC_WARN_ABOUT_RETURN_TYPE = YES_ERROR;
				GCC_WARN_UNDECLARED_SELECTOR = YES;
				GCC_WARN_UNINITIALIZED_AUTOS = YES_AGGRESSIVE;
				GCC_WARN_UNUSED_FUNCTION = YES;
				GCC_WARN_UNUSED_VARIABLE = YES;
				IPHONEOS_DEPLOYMENT_TARGET = 9.2;
				MTL_ENABLE_DEBUG_INFO = NO;
				SDKROOT = iphoneos;
				VALIDATE_PRODUCT = YES;
			};
			name = Release;
		};
		174566C61C8A8BA40038F8FE /* Debug */ = {
			isa = XCBuildConfiguration;
			buildSettings = {
				ASSETCATALOG_COMPILER_APPICON_NAME = AppIcon;
				INFOPLIST_FILE = XNetImage/Info.plist;
				LD_RUNPATH_SEARCH_PATHS = "$(inherited) @executable_path/Frameworks";
				PRODUCT_BUNDLE_IDENTIFIER = com.Hkkj.XNetImage;
				PRODUCT_NAME = "$(TARGET_NAME)";
			};
			name = Debug;
		};
		174566C71C8A8BA40038F8FE /* Release */ = {
			isa = XCBuildConfiguration;
			buildSettings = {
				ASSETCATALOG_COMPILER_APPICON_NAME = AppIcon;
				INFOPLIST_FILE = XNetImage/Info.plist;
				LD_RUNPATH_SEARCH_PATHS = "$(inherited) @executable_path/Frameworks";
				PRODUCT_BUNDLE_IDENTIFIER = com.Hkkj.XNetImage;
				PRODUCT_NAME = "$(TARGET_NAME)";
			};
			name = Release;
		};
/* End XCBuildConfiguration section */

/* Begin XCConfigurationList section */
		174566AE1C8A8BA40038F8FE /* Build configuration list for PBXProject "XNetImage" */ = {
			isa = XCConfigurationList;
			buildConfigurations = (
				174566C31C8A8BA40038F8FE /* Debug */,
				174566C41C8A8BA40038F8FE /* Release */,
			);
			defaultConfigurationIsVisible = 0;
			defaultConfigurationName = Release;
		};
		174566C51C8A8BA40038F8FE /* Build configuration list for PBXNativeTarget "XNetImage" */ = {
			isa = XCConfigurationList;
			buildConfigurations = (
				174566C61C8A8BA40038F8FE /* Debug */,
				174566C71C8A8BA40038F8FE /* Release */,
			);
			defaultConfigurationIsVisible = 0;
		};
/* End XCConfigurationList section */
	};
	rootObject = 174566AB1C8A8BA40038F8FE /* Project object */;
}
