// !$*UTF8*$!
{
	archiveVersion = 1;
	classes = {
	};
	objectVersion = 46;
	objects = {

/* Begin PBXBuildFile section */
		17379F5C1C8ECC33000AD8D4 /* VC2.swift in Sources */ = {isa = PBXBuildFile; fileRef = 17379F5B1C8ECC33000AD8D4 /* VC2.swift */; };
		1741264E1C9A831500348720 /* TestCell.swift in Sources */ = {isa = PBXBuildFile; fileRef = 1741264C1C9A831500348720 /* TestCell.swift */; };
		1741264F1C9A831500348720 /* TestCell.xib in Resources */ = {isa = PBXBuildFile; fileRef = 1741264D1C9A831500348720 /* TestCell.xib */; };
		174566B71C8A8BA40038F8FE /* AppDelegate.swift in Sources */ = {isa = PBXBuildFile; fileRef = 174566B61C8A8BA40038F8FE /* AppDelegate.swift */; };
		174566B91C8A8BA40038F8FE /* ViewController.swift in Sources */ = {isa = PBXBuildFile; fileRef = 174566B81C8A8BA40038F8FE /* ViewController.swift */; };
		174566BC1C8A8BA40038F8FE /* Main.storyboard in Resources */ = {isa = PBXBuildFile; fileRef = 174566BA1C8A8BA40038F8FE /* Main.storyboard */; };
		174566BE1C8A8BA40038F8FE /* Assets.xcassets in Resources */ = {isa = PBXBuildFile; fileRef = 174566BD1C8A8BA40038F8FE /* Assets.xcassets */; };
		174566C11C8A8BA40038F8FE /* LaunchScreen.storyboard in Resources */ = {isa = PBXBuildFile; fileRef = 174566BF1C8A8BA40038F8FE /* LaunchScreen.storyboard */; };
		174612AE1CE1C38400DDEC31 /* MRZoomScrollView.swift in Sources */ = {isa = PBXBuildFile; fileRef = 174612A01CE1C38400DDEC31 /* MRZoomScrollView.swift */; };
		174612AF1CE1C38400DDEC31 /* Reach.swift in Sources */ = {isa = PBXBuildFile; fileRef = 174612A11CE1C38400DDEC31 /* Reach.swift */; };
		174612B11CE1C38400DDEC31 /* UIImage+WebP.m in Sources */ = {isa = PBXBuildFile; fileRef = 174612A51CE1C38400DDEC31 /* UIImage+WebP.m */; };
		174612B21CE1C38400DDEC31 /* WebP.framework in Frameworks */ = {isa = PBXBuildFile; fileRef = 174612A61CE1C38400DDEC31 /* WebP.framework */; };
		174612B31CE1C38400DDEC31 /* XImageBrowse.swift in Sources */ = {isa = PBXBuildFile; fileRef = 174612A71CE1C38400DDEC31 /* XImageBrowse.swift */; };
		174612B41CE1C38400DDEC31 /* XImageCache.swift in Sources */ = {isa = PBXBuildFile; fileRef = 174612A81CE1C38400DDEC31 /* XImageCache.swift */; };
		174612B51CE1C38400DDEC31 /* XImageDownLoader.swift in Sources */ = {isa = PBXBuildFile; fileRef = 174612A91CE1C38400DDEC31 /* XImageDownLoader.swift */; };
		174612B61CE1C38400DDEC31 /* XImageGif.swift in Sources */ = {isa = PBXBuildFile; fileRef = 174612AA1CE1C38400DDEC31 /* XImageGif.swift */; };
		174612B71CE1C38400DDEC31 /* XImageOperationManager.swift in Sources */ = {isa = PBXBuildFile; fileRef = 174612AB1CE1C38400DDEC31 /* XImageOperationManager.swift */; };
		174612B81CE1C38400DDEC31 /* XImageUtil.swift in Sources */ = {isa = PBXBuildFile; fileRef = 174612AC1CE1C38400DDEC31 /* XImageUtil.swift */; };
		174612B91CE1C38400DDEC31 /* XImageView.swift in Sources */ = {isa = PBXBuildFile; fileRef = 174612AD1CE1C38400DDEC31 /* XImageView.swift */; };
		174612BB1CE1C4B700DDEC31 /* UIImage.swift in Sources */ = {isa = PBXBuildFile; fileRef = 174612BA1CE1C4B700DDEC31 /* UIImage.swift */; };
		17D2005C1C8D1B0A00F80FCB /* VC1.swift in Sources */ = {isa = PBXBuildFile; fileRef = 17D2005B1C8D1B0A00F80FCB /* VC1.swift */; };
/* End PBXBuildFile section */

/* Begin PBXFileReference section */
		17379F5B1C8ECC33000AD8D4 /* VC2.swift */ = {isa = PBXFileReference; fileEncoding = 4; lastKnownFileType = sourcecode.swift; path = VC2.swift; sourceTree = "<group>"; };
		1741264C1C9A831500348720 /* TestCell.swift */ = {isa = PBXFileReference; fileEncoding = 4; lastKnownFileType = sourcecode.swift; path = TestCell.swift; sourceTree = "<group>"; };
		1741264D1C9A831500348720 /* TestCell.xib */ = {isa = PBXFileReference; fileEncoding = 4; lastKnownFileType = file.xib; path = TestCell.xib; sourceTree = "<group>"; };
		174566B31C8A8BA40038F8FE /* XNetImage.app */ = {isa = PBXFileReference; explicitFileType = wrapper.application; includeInIndex = 0; path = XNetImage.app; sourceTree = BUILT_PRODUCTS_DIR; };
		174566B61C8A8BA40038F8FE /* AppDelegate.swift */ = {isa = PBXFileReference; lastKnownFileType = sourcecode.swift; path = AppDelegate.swift; sourceTree = "<group>"; };
		174566B81C8A8BA40038F8FE /* ViewController.swift */ = {isa = PBXFileReference; lastKnownFileType = sourcecode.swift; path = ViewController.swift; sourceTree = "<group>"; };
		174566BB1C8A8BA40038F8FE /* Base */ = {isa = PBXFileReference; lastKnownFileType = file.storyboard; name = Base; path = Base.lproj/Main.storyboard; sourceTree = "<group>"; };
		174566BD1C8A8BA40038F8FE /* Assets.xcassets */ = {isa = PBXFileReference; lastKnownFileType = folder.assetcatalog; path = Assets.xcassets; sourceTree = "<group>"; };
		174566C01C8A8BA40038F8FE /* Base */ = {isa = PBXFileReference; lastKnownFileType = file.storyboard; name = Base; path = Base.lproj/LaunchScreen.storyboard; sourceTree = "<group>"; };
		174566C21C8A8BA40038F8FE /* Info.plist */ = {isa = PBXFileReference; lastKnownFileType = text.plist.xml; path = Info.plist; sourceTree = "<group>"; };
		174612A01CE1C38400DDEC31 /* MRZoomScrollView.swift */ = {isa = PBXFileReference; fileEncoding = 4; lastKnownFileType = sourcecode.swift; path = MRZoomScrollView.swift; sourceTree = "<group>"; };
		174612A11CE1C38400DDEC31 /* Reach.swift */ = {isa = PBXFileReference; fileEncoding = 4; lastKnownFileType = sourcecode.swift; path = Reach.swift; sourceTree = "<group>"; };
		174612A41CE1C38400DDEC31 /* UIImage+WebP.h */ = {isa = PBXFileReference; fileEncoding = 4; lastKnownFileType = sourcecode.c.h; path = "UIImage+WebP.h"; sourceTree = "<group>"; };
		174612A51CE1C38400DDEC31 /* UIImage+WebP.m */ = {isa = PBXFileReference; fileEncoding = 4; lastKnownFileType = sourcecode.c.objc; path = "UIImage+WebP.m"; sourceTree = "<group>"; };
		174612A61CE1C38400DDEC31 /* WebP.framework */ = {isa = PBXFileReference; lastKnownFileType = wrapper.framework; path = WebP.framework; sourceTree = "<group>"; };
		174612A71CE1C38400DDEC31 /* XImageBrowse.swift */ = {isa = PBXFileReference; fileEncoding = 4; lastKnownFileType = sourcecode.swift; path = XImageBrowse.swift; sourceTree = "<group>"; };
		174612A81CE1C38400DDEC31 /* XImageCache.swift */ = {isa = PBXFileReference; fileEncoding = 4; lastKnownFileType = sourcecode.swift; path = XImageCache.swift; sourceTree = "<group>"; };
		174612A91CE1C38400DDEC31 /* XImageDownLoader.swift */ = {isa = PBXFileReference; fileEncoding = 4; lastKnownFileType = sourcecode.swift; path = XImageDownLoader.swift; sourceTree = "<group>"; };
		174612AA1CE1C38400DDEC31 /* XImageGif.swift */ = {isa = PBXFileReference; fileEncoding = 4; lastKnownFileType = sourcecode.swift; path = XImageGif.swift; sourceTree = "<group>"; };
		174612AB1CE1C38400DDEC31 /* XImageOperationManager.swift */ = {isa = PBXFileReference; fileEncoding = 4; lastKnownFileType = sourcecode.swift; path = XImageOperationManager.swift; sourceTree = "<group>"; };
		174612AC1CE1C38400DDEC31 /* XImageUtil.swift */ = {isa = PBXFileReference; fileEncoding = 4; lastKnownFileType = sourcecode.swift; path = XImageUtil.swift; sourceTree = "<group>"; };
		174612AD1CE1C38400DDEC31 /* XImageView.swift */ = {isa = PBXFileReference; fileEncoding = 4; lastKnownFileType = sourcecode.swift; path = XImageView.swift; sourceTree = "<group>"; };
		174612BA1CE1C4B700DDEC31 /* UIImage.swift */ = {isa = PBXFileReference; fileEncoding = 4; lastKnownFileType = sourcecode.swift; path = UIImage.swift; sourceTree = "<group>"; };
		17D2005B1C8D1B0A00F80FCB /* VC1.swift */ = {isa = PBXFileReference; fileEncoding = 4; lastKnownFileType = sourcecode.swift; path = VC1.swift; sourceTree = "<group>"; };
		17D200991C8D74A100F80FCB /* XNetImage-Bridging-Header.h */ = {isa = PBXFileReference; fileEncoding = 4; lastKnownFileType = sourcecode.c.h; path = "XNetImage-Bridging-Header.h"; sourceTree = "<group>"; };
/* End PBXFileReference section */

/* Begin PBXFrameworksBuildPhase section */
		174566B01C8A8BA40038F8FE /* Frameworks */ = {
			isa = PBXFrameworksBuildPhase;
			buildActionMask = 2147483647;
			files = (
				174612B21CE1C38400DDEC31 /* WebP.framework in Frameworks */,
			);
			runOnlyForDeploymentPostprocessing = 0;
		};
/* End PBXFrameworksBuildPhase section */

/* Begin PBXGroup section */
		174566AA1C8A8BA40038F8FE = {
			isa = PBXGroup;
			children = (
				174566B51C8A8BA40038F8FE /* XNetImage */,
				174566B41C8A8BA40038F8FE /* Products */,
			);
			sourceTree = "<group>";
		};
		174566B41C8A8BA40038F8FE /* Products */ = {
			isa = PBXGroup;
			children = (
				174566B31C8A8BA40038F8FE /* XNetImage.app */,
			);
			name = Products;
			sourceTree = "<group>";
		};
		174566B51C8A8BA40038F8FE /* XNetImage */ = {
			isa = PBXGroup;
			children = (
				1746129F1CE1C38400DDEC31 /* ImageUtil */,
				174566B61C8A8BA40038F8FE /* AppDelegate.swift */,
				174566B81C8A8BA40038F8FE /* ViewController.swift */,
				17D2005B1C8D1B0A00F80FCB /* VC1.swift */,
				17379F5B1C8ECC33000AD8D4 /* VC2.swift */,
				1741264C1C9A831500348720 /* TestCell.swift */,
				1741264D1C9A831500348720 /* TestCell.xib */,
				174566BA1C8A8BA40038F8FE /* Main.storyboard */,
				174566BD1C8A8BA40038F8FE /* Assets.xcassets */,
				174566BF1C8A8BA40038F8FE /* LaunchScreen.storyboard */,
				17D200991C8D74A100F80FCB /* XNetImage-Bridging-Header.h */,
				174566C21C8A8BA40038F8FE /* Info.plist */,
			);
			path = XNetImage;
			sourceTree = "<group>";
		};
		1746129F1CE1C38400DDEC31 /* ImageUtil */ = {
			isa = PBXGroup;
			children = (
				174612BA1CE1C4B700DDEC31 /* UIImage.swift */,
				174612A01CE1C38400DDEC31 /* MRZoomScrollView.swift */,
				174612A11CE1C38400DDEC31 /* Reach.swift */,
				174612A41CE1C38400DDEC31 /* UIImage+WebP.h */,
				174612A51CE1C38400DDEC31 /* UIImage+WebP.m */,
				174612A61CE1C38400DDEC31 /* WebP.framework */,
				174612A71CE1C38400DDEC31 /* XImageBrowse.swift */,
				174612A81CE1C38400DDEC31 /* XImageCache.swift */,
				174612A91CE1C38400DDEC31 /* XImageDownLoader.swift */,
				174612AA1CE1C38400DDEC31 /* XImageGif.swift */,
				174612AB1CE1C38400DDEC31 /* XImageOperationManager.swift */,
				174612AC1CE1C38400DDEC31 /* XImageUtil.swift */,
				174612AD1CE1C38400DDEC31 /* XImageView.swift */,
			);
			path = ImageUtil;
			sourceTree = "<group>";
		};
/* End PBXGroup section */

/* Begin PBXNativeTarget section */
		174566B21C8A8BA40038F8FE /* XNetImage */ = {
			isa = PBXNativeTarget;
			buildConfigurationList = 174566C51C8A8BA40038F8FE /* Build configuration list for PBXNativeTarget "XNetImage" */;
			buildPhases = (
				174566AF1C8A8BA40038F8FE /* Sources */,
				174566B01C8A8BA40038F8FE /* Frameworks */,
				174566B11C8A8BA40038F8FE /* Resources */,
			);
			buildRules = (
			);
			dependencies = (
			);
			name = XNetImage;
			productName = XNetImage;
			productReference = 174566B31C8A8BA40038F8FE /* XNetImage.app */;
			productType = "com.apple.product-type.application";
		};
/* End PBXNativeTarget section */

/* Begin PBXProject section */
		174566AB1C8A8BA40038F8FE /* Project object */ = {
			isa = PBXProject;
			attributes = {
				LastSwiftUpdateCheck = 0720;
				LastUpgradeCheck = 0720;
				ORGANIZATIONNAME = XNetImage;
				TargetAttributes = {
					174566B21C8A8BA40038F8FE = {
						CreatedOnToolsVersion = 7.2;
					};
				};
			};
			buildConfigurationList = 174566AE1C8A8BA40038F8FE /* Build configuration list for PBXProject "XNetImage" */;
			compatibilityVersion = "Xcode 3.2";
			developmentRegion = English;
			hasScannedForEncodings = 0;
			knownRegions = (
				en,
				Base,
			);
			mainGroup = 174566AA1C8A8BA40038F8FE;
			productRefGroup = 174566B41C8A8BA40038F8FE /* Products */;
			projectDirPath = "";
			projectRoot = "";
			targets = (
				174566B21C8A8BA40038F8FE /* XNetImage */,
			);
		};
/* End PBXProject section */

/* Begin PBXResourcesBuildPhase section */
		174566B11C8A8BA40038F8FE /* Resources */ = {
			isa = PBXResourcesBuildPhase;
			buildActionMask = 2147483647;
			files = (
				174566C11C8A8BA40038F8FE /* LaunchScreen.storyboard in Resources */,
				174566BE1C8A8BA40038F8FE /* Assets.xcassets in Resources */,
				1741264F1C9A831500348720 /* TestCell.xib in Resources */,
				174566BC1C8A8BA40038F8FE /* Main.storyboard in Resources */,
			);
			runOnlyForDeploymentPostprocessing = 0;
		};
/* End PBXResourcesBuildPhase section */

/* Begin PBXSourcesBuildPhase section */
		174566AF1C8A8BA40038F8FE /* Sources */ = {
			isa = PBXSourcesBuildPhase;
			buildActionMask = 2147483647;
			files = (
				174612B91CE1C38400DDEC31 /* XImageView.swift in Sources */,
				174612B11CE1C38400DDEC31 /* UIImage+WebP.m in Sources */,
				174612B81CE1C38400DDEC31 /* XImageUtil.swift in Sources */,
				174612B71CE1C38400DDEC31 /* XImageOperationManager.swift in Sources */,
				17379F5C1C8ECC33000AD8D4 /* VC2.swift in Sources */,
				174612BB1CE1C4B700DDEC31 /* UIImage.swift in Sources */,
				1741264E1C9A831500348720 /* TestCell.swift in Sources */,
				174566B91C8A8BA40038F8FE /* ViewController.swift in Sources */,
				174566B71C8A8BA40038F8FE /* AppDelegate.swift in Sources */,
				174612B31CE1C38400DDEC31 /* XImageBrowse.swift in Sources */,
				174612B51CE1C38400DDEC31 /* XImageDownLoader.swift in Sources */,
				174612B41CE1C38400DDEC31 /* XImageCache.swift in Sources */,
				174612B61CE1C38400DDEC31 /* XImageGif.swift in Sources */,
				174612AF1CE1C38400DDEC31 /* Reach.swift in Sources */,
				17D2005C1C8D1B0A00F80FCB /* VC1.swift in Sources */,
				174612AE1CE1C38400DDEC31 /* MRZoomScrollView.swift in Sources */,
			);
			runOnlyForDeploymentPostprocessing = 0;
		};
/* End PBXSourcesBuildPhase section */

/* Begin PBXVariantGroup section */
		174566BA1C8A8BA40038F8FE /* Main.storyboard */ = {
			isa = PBXVariantGroup;
			children = (
				174566BB1C8A8BA40038F8FE /* Base */,
			);
			name = Main.storyboard;
			sourceTree = "<group>";
		};
		174566BF1C8A8BA40038F8FE /* LaunchScreen.storyboard */ = {
			isa = PBXVariantGroup;
			children = (
				174566C01C8A8BA40038F8FE /* Base */,
			);
			name = LaunchScreen.storyboard;
			sourceTree = "<group>";
		};
/* End PBXVariantGroup section */

/* Begin XCBuildConfiguration section */
		174566C31C8A8BA40038F8FE /* Debug */ = {
			isa = XCBuildConfiguration;
			buildSettings = {
				ALWAYS_SEARCH_USER_PATHS = NO;
				CLANG_CXX_LANGUAGE_STANDARD = "gnu++0x";
				CLANG_CXX_LIBRARY = "libc++";
				CLANG_ENABLE_MODULES = YES;
				CLANG_ENABLE_OBJC_ARC = YES;
				CLANG_WARN_BOOL_CONVERSION = YES;
				CLANG_WARN_CONSTANT_CONVERSION = YES;
				CLANG_WARN_DIRECT_OBJC_ISA_USAGE = YES_ERROR;
				CLANG_WARN_EMPTY_BODY = YES;
				CLANG_WARN_ENUM_CONVERSION = YES;
				CLANG_WARN_INT_CONVERSION = YES;
				CLANG_WARN_OBJC_ROOT_CLASS = YES_ERROR;
				CLANG_WARN_UNREACHABLE_CODE = YES;
				CLANG_WARN__DUPLICATE_METHOD_MATCH = YES;
				"CODE_SIGN_IDENTITY[sdk=iphoneos*]" = "iPhone Developer";
				COPY_PHASE_STRIP = NO;
				DEBUG_INFORMATION_FORMAT = dwarf;
				ENABLE_STRICT_OBJC_MSGSEND = YES;
				ENABLE_TESTABILITY = YES;
				GCC_C_LANGUAGE_STANDARD = gnu99;
				GCC_DYNAMIC_NO_PIC = NO;
				GCC_NO_COMMON_BLOCKS = YES;
				GCC_OPTIMIZATION_LEVEL = 0;
				GCC_PREPROCESSOR_DEFINITIONS = (
					"DEBUG=1",
					"$(inherited)",
				);
				GCC_WARN_64_TO_32_BIT_CONVERSION = YES;
				GCC_WARN_ABOUT_RETURN_TYPE = YES_ERROR;
				GCC_WARN_UNDECLARED_SELECTOR = YES;
				GCC_WARN_UNINITIALIZED_AUTOS = YES_AGGRESSIVE;
				GCC_WARN_UNUSED_FUNCTION = YES;
				GCC_WARN_UNUSED_VARIABLE = YES;
				IPHONEOS_DEPLOYMENT_TARGET = 9.2;
				MTL_ENABLE_DEBUG_INFO = YES;
				ONLY_ACTIVE_ARCH = YES;
				SDKROOT = iphoneos;
				SWIFT_OPTIMIZATION_LEVEL = "-Onone";
			};
			name = Debug;
		};
		174566C41C8A8BA40038F8FE /* Release */ = {
			isa = XCBuildConfiguration;
			buildSettings = {
				ALWAYS_SEARCH_USER_PATHS = NO;
				CLANG_CXX_LANGUAGE_STANDARD = "gnu++0x";
				CLANG_CXX_LIBRARY = "libc++";
				CLANG_ENABLE_MODULES = YES;
				CLANG_ENABLE_OBJC_ARC = YES;
				CLANG_WARN_BOOL_CONVERSION = YES;
				CLANG_WARN_CONSTANT_CONVERSION = YES;
				CLANG_WARN_DIRECT_OBJC_ISA_USAGE = YES_ERROR;
				CLANG_WARN_EMPTY_BODY = YES;
				CLANG_WARN_ENUM_CONVERSION = YES;
				CLANG_WARN_INT_CONVERSION = YES;
				CLANG_WARN_OBJC_ROOT_CLASS = YES_ERROR;
				CLANG_WARN_UNREACHABLE_CODE = YES;
				CLANG_WARN__DUPLICATE_METHOD_MATCH = YES;
				"CODE_SIGN_IDENTITY[sdk=iphoneos*]" = "iPhone Developer";
				COPY_PHASE_STRIP = NO;
				DEBUG_INFORMATION_FORMAT = "dwarf-with-dsym";
				ENABLE_NS_ASSERTIONS = NO;
				ENABLE_STRICT_OBJC_MSGSEND = YES;
				GCC_C_LANGUAGE_STANDARD = gnu99;
				GCC_NO_COMMON_BLOCKS = YES;
				GCC_WARN_64_TO_32_BIT_CONVERSION = YES;
				GCC_WARN_ABOUT_RETURN_TYPE = YES_ERROR;
				GCC_WARN_UNDECLARED_SELECTOR = YES;
				GCC_WARN_UNINITIALIZED_AUTOS = YES_AGGRESSIVE;
				GCC_WARN_UNUSED_FUNCTION = YES;
				GCC_WARN_UNUSED_VARIABLE = YES;
				IPHONEOS_DEPLOYMENT_TARGET = 9.2;
				MTL_ENABLE_DEBUG_INFO = NO;
				SDKROOT = iphoneos;
				VALIDATE_PRODUCT = YES;
			};
			name = Release;
		};
		174566C61C8A8BA40038F8FE /* Debug */ = {
			isa = XCBuildConfiguration;
			buildSettings = {
				ASSETCATALOG_COMPILER_APPICON_NAME = AppIcon;
				ENABLE_BITCODE = NO;
				FRAMEWORK_SEARCH_PATHS = (
					"$(inherited)",
					"$(PROJECT_DIR)/XNetImage/ImageUtil",
				);
				INFOPLIST_FILE = XNetImage/Info.plist;
				IPHONEOS_DEPLOYMENT_TARGET = 7.0;
				LD_RUNPATH_SEARCH_PATHS = "$(inherited) @executable_path/Frameworks";
				PRODUCT_BUNDLE_IDENTIFIER = com.Hkkj.XNetImage;
				PRODUCT_NAME = "$(TARGET_NAME)";
				SWIFT_OBJC_BRIDGING_HEADER = "XNetImage/XNetImage-Bridging-Header.h";
			};
			name = Debug;
		};
		174566C71C8A8BA40038F8FE /* Release */ = {
			isa = XCBuildConfiguration;
			buildSettings = {
				ASSETCATALOG_COMPILER_APPICON_NAME = AppIcon;
				ENABLE_BITCODE = NO;
				FRAMEWORK_SEARCH_PATHS = (
					"$(inherited)",
					"$(PROJECT_DIR)/XNetImage/ImageUtil",
				);
				INFOPLIST_FILE = XNetImage/Info.plist;
				IPHONEOS_DEPLOYMENT_TARGET = 7.0;
				LD_RUNPATH_SEARCH_PATHS = "$(inherited) @executable_path/Frameworks";
				PRODUCT_BUNDLE_IDENTIFIER = com.Hkkj.XNetImage;
				PRODUCT_NAME = "$(TARGET_NAME)";
				SWIFT_OBJC_BRIDGING_HEADER = "XNetImage/XNetImage-Bridging-Header.h";
			};
			name = Release;
		};
/* End XCBuildConfiguration section */

/* Begin XCConfigurationList section */
		174566AE1C8A8BA40038F8FE /* Build configuration list for PBXProject "XNetImage" */ = {
			isa = XCConfigurationList;
			buildConfigurations = (
				174566C31C8A8BA40038F8FE /* Debug */,
				174566C41C8A8BA40038F8FE /* Release */,
			);
			defaultConfigurationIsVisible = 0;
			defaultConfigurationName = Release;
		};
		174566C51C8A8BA40038F8FE /* Build configuration list for PBXNativeTarget "XNetImage" */ = {
			isa = XCConfigurationList;
			buildConfigurations = (
				174566C61C8A8BA40038F8FE /* Debug */,
				174566C71C8A8BA40038F8FE /* Release */,
			);
			defaultConfigurationIsVisible = 0;
			defaultConfigurationName = Release;
		};
/* End XCConfigurationList section */
	};
	rootObject = 174566AB1C8A8BA40038F8FE /* Project object */;
}
